<?xml version="1.0" encoding="utf-8"?>
<Project ToolsVersion="4.0" xmlns="http://schemas.microsoft.com/developer/msbuild/2003">
  <ItemGroup>
    <Filter Include="Source Files">
      <UniqueIdentifier>{4FC737F1-C7A5-4376-A066-2A32D752A2FF}</UniqueIdentifier>
      <Extensions>cpp;c;cc;cxx;c++;cppm;ixx;def;odl;idl;hpj;bat;asm;asmx</Extensions>
    </Filter>
    <Filter Include="Header Files">
      <UniqueIdentifier>{93995380-89BD-4b04-88EB-625FBE52EBFB}</UniqueIdentifier>
      <Extensions>h;hh;hpp;hxx;h++;hm;inl;inc;ipp;xsd</Extensions>
    </Filter>
    <Filter Include="Resource Files">
      <UniqueIdentifier>{67DA6AB6-F800-4c08-8B7A-83BB121AAD01}</UniqueIdentifier>
      <Extensions>rc;ico;cur;bmp;dlg;rc2;rct;bin;rgs;gif;jpg;jpeg;jpe;resx;tiff;tif;png;wav;mfcribbon-ms</Extensions>
    </Filter>
    <Filter Include="Header Files\Animals">
      <UniqueIdentifier>{b6248b44-a093-4426-8a2b-d25f90143f4f}</UniqueIdentifier>
    </Filter>
    <Filter Include="Source Files\Animals">
      <UniqueIdentifier>{62b3eccb-b868-4be2-a5b4-3e5c101ed8b7}</UniqueIdentifier>
    </Filter>
    <Filter Include="Header Files\Plants">
      <UniqueIdentifier>{60c7fd85-e8ec-498a-9b68-5dd189d771a5}</UniqueIdentifier>
    </Filter>
    <Filter Include="Source Files\Plants">
      <UniqueIdentifier>{2454a4ed-6e62-46c5-bed4-9f7ddeea5047}</UniqueIdentifier>
    </Filter>
  </ItemGroup>
  <ItemGroup>
    <ClCompile Include="main.cpp">
      <Filter>Source Files</Filter>
    </ClCompile>
    <ClCompile Include="Menu.cpp">
      <Filter>Source Files</Filter>
    </ClCompile>
    <ClCompile Include="Organism.cpp">
      <Filter>Source Files</Filter>
    </ClCompile>
    <ClCompile Include="World.cpp">
      <Filter>Source Files</Filter>
    </ClCompile>
    <ClCompile Include="Wolf.cpp">
      <Filter>Source Files\Animals</Filter>
    </ClCompile>
    <ClCompile Include="Coordinates.cpp">
      <Filter>Source Files</Filter>
    </ClCompile>
    <ClCompile Include="Event.cpp">
      <Filter>Source Files</Filter>
    </ClCompile>
    <ClCompile Include="Human.cpp">
      <Filter>Source Files\Animals</Filter>
    </ClCompile>
    <ClCompile Include="Fox.cpp">
      <Filter>Source Files\Animals</Filter>
    </ClCompile>
    <ClCompile Include="Sheep.cpp">
      <Filter>Source Files\Animals</Filter>
    </ClCompile>
    <ClCompile Include="Turtle.cpp">
      <Filter>Source Files\Animals</Filter>
    </ClCompile>
    <ClCompile Include="Antelope.cpp">
      <Filter>Source Files\Animals</Filter>
    </ClCompile>
    <ClCompile Include="Plant.cpp">
      <Filter>Source Files\Plants</Filter>
    </ClCompile>
    <ClCompile Include="Animal.cpp">
      <Filter>Source Files</Filter>
    </ClCompile>
    <ClCompile Include="Grass.cpp">
      <Filter>Source Files\Plants</Filter>
    </ClCompile>
    <ClCompile Include="Dandelion.cpp">
      <Filter>Source Files\Plants</Filter>
    </ClCompile>
    <ClCompile Include="Guarana.cpp">
      <Filter>Source Files\Plants</Filter>
    </ClCompile>
    <ClCompile Include="Blueberries.cpp">
      <Filter>Source Files\Plants</Filter>
    </ClCompile>
    <ClCompile Include="Borsch.cpp">
      <Filter>Source Files\Plants</Filter>
    </ClCompile>
  </ItemGroup>
  <ItemGroup>
    <ClInclude Include="Menu.h">
      <Filter>Header Files</Filter>
    </ClInclude>
    <ClInclude Include="World.h">
      <Filter>Header Files</Filter>
    </ClInclude>
    <ClInclude Include="Organism.h">
      <Filter>Header Files</Filter>
    </ClInclude>
    <ClInclude Include="Coordinates.h">
      <Filter>Header Files</Filter>
    </ClInclude>
    <ClInclude Include="Wolf.h">
      <Filter>Header Files\Animals</Filter>
    </ClInclude>
    <ClInclude Include="Animal.h">
      <Filter>Header Files</Filter>
    </ClInclude>
    <ClInclude Include="Event.h">
      <Filter>Header Files</Filter>
    </ClInclude>
    <ClInclude Include="Human.h">
      <Filter>Header Files\Animals</Filter>
    </ClInclude>
    <ClInclude Include="Fox.h">
      <Filter>Header Files\Animals</Filter>
    </ClInclude>
    <ClInclude Include="Sheep.h">
      <Filter>Header Files\Animals</Filter>
    </ClInclude>
    <ClInclude Include="Turtle.h">
      <Filter>Header Files\Animals</Filter>
    </ClInclude>
    <ClInclude Include="Antelope.h">
      <Filter>Header Files\Animals</Filter>
    </ClInclude>
    <ClInclude Include="Grass.h">
      <Filter>Header Files\Plants</Filter>
    </ClInclude>
    <ClInclude Include="Dandelion.h">
      <Filter>Header Files\Plants</Filter>
    </ClInclude>
    <ClInclude Include="Guarana.h">
      <Filter>Header Files\Plants</Filter>
    </ClInclude>
    <ClInclude Include="Blueberries.h">
      <Filter>Header Files\Plants</Filter>
    </ClInclude>
    <ClInclude Include="Plant.h">
      <Filter>Header Files\Plants</Filter>
    </ClInclude>
    <ClInclude Include="Borsch.h">
      <Filter>Header Files\Plants</Filter>
    </ClInclude>
  </ItemGroup>
</Project>